{
	"name": "puppylog",
	"lockfileVersion": 3,
	"requires": true,
	"packages": {
		"": {
			"name": "puppylog",
			"dependencies": {
				"prettier": "^3.5.3"
			},
			"devDependencies": {
				"@types/bun": "latest",
				"bun-types": "^1.2.0"
			},
			"peerDependencies": {
				"typescript": "^5.0.0"
			}
		},
		"node_modules/@types/bun": {
			"version": "1.2.2",
			"resolved": "https://registry.npmjs.org/@types/bun/-/bun-1.2.2.tgz",
			"integrity": "sha512-tr74gdku+AEDN5ergNiBnplr7hpDp3V1h7fqI2GcR/rsUaM39jpSeKH0TFibRvU0KwniRx5POgaYnaXbk0hU+w==",
			"dev": true,
			"dependencies": {
				"bun-types": "1.2.2"
			}
		},
		"node_modules/@types/node": {
			"version": "20.12.14",
			"dev": true,
			"license": "MIT",
			"dependencies": {
				"undici-types": "~5.26.4"
			}
		},
		"node_modules/@types/ws": {
			"version": "8.5.13",
			"dev": true,
			"license": "MIT",
			"dependencies": {
				"@types/node": "*"
			}
		},
		"node_modules/bun-types": {
			"version": "1.2.2",
			"resolved": "https://registry.npmjs.org/bun-types/-/bun-types-1.2.2.tgz",
			"integrity": "sha512-RCbMH5elr9gjgDGDhkTTugA21XtJAy/9jkKe/G3WR2q17VPGhcquf9Sir6uay9iW+7P/BV0CAHA1XlHXMAVKHg==",
			"dev": true,
			"dependencies": {
				"@types/node": "*",
				"@types/ws": "~8.5.10"
			}
		},
		"node_modules/prettier": {
			"version": "3.6.2",
			"resolved": "https://registry.npmjs.org/prettier/-/prettier-3.6.2.tgz",
			"integrity": "sha512-I7AIg5boAr5R0FFtJ6rCfD+LFsWHp81dolrFD8S79U9tb8Az2nGrJncnMSnys+bpQJfRUzqs9hnA81OAA3hCuQ==",
			"bin": {
				"prettier": "bin/prettier.cjs"
			},
			"engines": {
				"node": ">=14"
			},
			"funding": {
				"url": "https://github.com/prettier/prettier?sponsor=1"
			}
		},
		"node_modules/typescript": {
			"version": "5.7.2",
			"license": "Apache-2.0",
			"peer": true,
			"bin": {
				"tsc": "bin/tsc",
				"tsserver": "bin/tsserver"
			},
			"engines": {
				"node": ">=14.17"
			}
		},
		"node_modules/undici-types": {
			"version": "5.26.5",
			"dev": true,
			"license": "MIT"
		}
	}
}
